
Microsoft Visual Studio Solution File, Format Version 12.00
# Visual Studio Version 17
VisualStudioVersion = 17.9.34723.18
MinimumVisualStudioVersion = 10.0.40219.1
Project("{8BC9CEB8-8B4A-11D0-8D11-00A0C91BC942}") = "Arbol", "Arbol.vcxproj", "{F5907471-3029-40B5-B235-7EF718F9E9FD}"
EndProject
Global
	GlobalSection(SolutionConfigurationPlatforms) = preSolution
		Debug|x64 = Debug|x64
		Debug|x86 = Debug|x86
		Release|x64 = Release|x64
		Release|x86 = Release|x86
	EndGlobalSection
	GlobalSection(ProjectConfigurationPlatforms) = postSolution
		{F5907471-3029-40B5-B235-7EF718F9E9FD}.Debug|x64.ActiveCfg = Debug|x64
		{F5907471-3029-40B5-B235-7EF718F9E9FD}.Debug|x64.Build.0 = Debug|x64
		{F5907471-3029-40B5-B235-7EF718F9E9FD}.Debug|x86.ActiveCfg = Debug|Win32
		{F5907471-3029-40B5-B235-7EF718F9E9FD}.Debug|x86.Build.0 = Debug|Win32
		{F5907471-3029-40B5-B235-7EF718F9E9FD}.Release|x64.ActiveCfg = Release|x64
		{F5907471-3029-40B5-B235-7EF718F9E9FD}.Release|x64.Build.0 = Release|x64
		{F5907471-3029-40B5-B235-7EF718F9E9FD}.Release|x86.ActiveCfg = Release|Win32
		{F5907471-3029-40B5-B235-7EF718F9E9FD}.Release|x86.Build.0 = Release|Win32
	EndGlobalSection
	GlobalSection(SolutionProperties) = preSolution
		HideSolutionNode = FALSE
	EndGlobalSection
	GlobalSection(ExtensibilityGlobals) = postSolution
		SolutionGuid = {BE4E8203-FF91-4E17-ADED-40A0889DDB6A}
	EndGlobalSection
EndGlobal
